// !$*UTF8*$!
{
	archiveVersion = 1;
	classes = {
	};
	objectVersion = 46;
	objects = {

/* Begin PBXBuildFile section */
		C736B9BA1BB4D04500E25468 /* OpenGL.framework in Frameworks */ = {isa = PBXBuildFile; fileRef = C736B9B91BB4D04500E25468 /* OpenGL.framework */; };
		C745117E1BB9E99500CF4C3D /* boost.framework in Frameworks */ = {isa = PBXBuildFile; fileRef = C745117D1BB9E99500CF4C3D /* boost.framework */; };
		C74D640F1BF3922C00ED2A10 /* GLUT.framework in Frameworks */ = {isa = PBXBuildFile; fileRef = C74D640E1BF3922C00ED2A10 /* GLUT.framework */; };
		C74DF08D1B9FBC7F0002CA28 /* main.cpp in Sources */ = {isa = PBXBuildFile; fileRef = C74DF08C1B9FBC7F0002CA28 /* main.cpp */; };
		C74DF0941B9FBCD80002CA28 /* OpenCL.framework in Frameworks */ = {isa = PBXBuildFile; fileRef = C74DF0931B9FBCD80002CA28 /* OpenCL.framework */; };
		C7AFA2B31BCDD419003A5C5D /* common.hpp in Sources */ = {isa = PBXBuildFile; fileRef = C736B9B71BB4BB2000E25468 /* common.hpp */; };
		C7AFA2B41BCDD419003A5C5D /* pathtracer.cpp in Sources */ = {isa = PBXBuildFile; fileRef = C736B9B41BB4BB1700E25468 /* pathtracer.cpp */; };
		C7AFA2B51BCDD419003A5C5D /* opencl_manager.cpp in Sources */ = {isa = PBXBuildFile; fileRef = C78DFD731BB0601900E58B64 /* opencl_manager.cpp */; };
		C7AFA2B61BCDD419003A5C5D /* png_writer.cpp in Sources */ = {isa = PBXBuildFile; fileRef = C736B9AD1BB3864400E25468 /* png_writer.cpp */; };
/* End PBXBuildFile section */

/* Begin PBXCopyFilesBuildPhase section */
		C74DF0871B9FBC7F0002CA28 /* CopyFiles */ = {
			isa = PBXCopyFilesBuildPhase;
			buildActionMask = 2147483647;
			dstPath = /usr/share/man/man1/;
			dstSubfolderSpec = 0;
			files = (
			);
			runOnlyForDeploymentPostprocessing = 1;
		};
/* End PBXCopyFilesBuildPhase section */

/* Begin PBXFileReference section */
		C736B9AD1BB3864400E25468 /* png_writer.cpp */ = {isa = PBXFileReference; fileEncoding = 4; lastKnownFileType = sourcecode.cpp.cpp; path = png_writer.cpp; sourceTree = "<group>"; };
		C736B9AE1BB3864400E25468 /* png_writer.hpp */ = {isa = PBXFileReference; fileEncoding = 4; lastKnownFileType = sourcecode.cpp.h; path = png_writer.hpp; sourceTree = "<group>"; };
		C736B9B41BB4BB1700E25468 /* pathtracer.cpp */ = {isa = PBXFileReference; fileEncoding = 4; lastKnownFileType = sourcecode.cpp.cpp; path = pathtracer.cpp; sourceTree = "<group>"; };
		C736B9B51BB4BB1700E25468 /* pathtracer.hpp */ = {isa = PBXFileReference; fileEncoding = 4; lastKnownFileType = sourcecode.cpp.h; path = pathtracer.hpp; sourceTree = "<group>"; };
		C736B9B71BB4BB2000E25468 /* common.hpp */ = {isa = PBXFileReference; lastKnownFileType = sourcecode.cpp.h; path = common.hpp; sourceTree = "<group>"; };
		C736B9B81BB4CFDC00E25468 /* vecmath */ = {isa = PBXFileReference; lastKnownFileType = folder; path = vecmath; sourceTree = "<group>"; };
		C736B9B91BB4D04500E25468 /* OpenGL.framework */ = {isa = PBXFileReference; lastKnownFileType = wrapper.framework; name = OpenGL.framework; path = System/Library/Frameworks/OpenGL.framework; sourceTree = SDKROOT; };
		C745117D1BB9E99500CF4C3D /* boost.framework */ = {isa = PBXFileReference; lastKnownFileType = wrapper.framework; name = boost.framework; path = "../7513324-a840fee893331ab946ea031bb3c6049a1a71b26d/osx/framework/boost.framework"; sourceTree = "<group>"; };
		C74D640E1BF3922C00ED2A10 /* GLUT.framework */ = {isa = PBXFileReference; lastKnownFileType = wrapper.framework; name = GLUT.framework; path = System/Library/Frameworks/GLUT.framework; sourceTree = SDKROOT; };
		C74DF0891B9FBC7F0002CA28 /* pathtracer */ = {isa = PBXFileReference; explicitFileType = "compiled.mach-o.executable"; includeInIndex = 0; path = pathtracer; sourceTree = BUILT_PRODUCTS_DIR; };
		C74DF08C1B9FBC7F0002CA28 /* main.cpp */ = {isa = PBXFileReference; lastKnownFileType = sourcecode.cpp.cpp; path = main.cpp; sourceTree = "<group>"; };
		C74DF0931B9FBCD80002CA28 /* OpenCL.framework */ = {isa = PBXFileReference; lastKnownFileType = wrapper.framework; name = OpenCL.framework; path = /Applications/Xcode.app/Contents/Developer/Platforms/MacOSX.platform/Developer/SDKs/MacOSX10.10.sdk/System/Library/Frameworks/OpenCL.framework; sourceTree = "<absolute>"; };
		C78DFD6F1BAF35D700E58B64 /* pathtracer_kernel.cl */ = {isa = PBXFileReference; fileEncoding = 4; lastKnownFileType = sourcecode.opencl; path = pathtracer_kernel.cl; sourceTree = "<group>"; };
		C78DFD721BB05FEF00E58B64 /* opencl_manager.hpp */ = {isa = PBXFileReference; lastKnownFileType = sourcecode.cpp.h; path = opencl_manager.hpp; sourceTree = "<group>"; };
		C78DFD731BB0601900E58B64 /* opencl_manager.cpp */ = {isa = PBXFileReference; fileEncoding = 4; lastKnownFileType = sourcecode.cpp.cpp; path = opencl_manager.cpp; sourceTree = "<group>"; };
/* End PBXFileReference section */

/* Begin PBXFrameworksBuildPhase section */
		C74DF0861B9FBC7F0002CA28 /* Frameworks */ = {
			isa = PBXFrameworksBuildPhase;
			buildActionMask = 2147483647;
			files = (
				C74D640F1BF3922C00ED2A10 /* GLUT.framework in Frameworks */,
				C745117E1BB9E99500CF4C3D /* boost.framework in Frameworks */,
				C736B9BA1BB4D04500E25468 /* OpenGL.framework in Frameworks */,
				C74DF0941B9FBCD80002CA28 /* OpenCL.framework in Frameworks */,
			);
			runOnlyForDeploymentPostprocessing = 0;
		};
/* End PBXFrameworksBuildPhase section */

/* Begin PBXGroup section */
		C74DF0801B9FBC7F0002CA28 = {
			isa = PBXGroup;
			children = (
				C74DF0951B9FBD2D0002CA28 /* Frameworks */,
				C74DF08B1B9FBC7F0002CA28 /* pathtracer */,
				C74DF08A1B9FBC7F0002CA28 /* Products */,
			);
			sourceTree = "<group>";
		};
		C74DF08A1B9FBC7F0002CA28 /* Products */ = {
			isa = PBXGroup;
			children = (
				C74DF0891B9FBC7F0002CA28 /* pathtracer */,
			);
			name = Products;
			sourceTree = "<group>";
		};
		C74DF08B1B9FBC7F0002CA28 /* pathtracer */ = {
			isa = PBXGroup;
			children = (
				C736B9B81BB4CFDC00E25468 /* vecmath */,
				C74DF08C1B9FBC7F0002CA28 /* main.cpp */,
				C736B9B71BB4BB2000E25468 /* common.hpp */,
				C736B9B41BB4BB1700E25468 /* pathtracer.cpp */,
				C736B9B51BB4BB1700E25468 /* pathtracer.hpp */,
				C78DFD731BB0601900E58B64 /* opencl_manager.cpp */,
				C78DFD721BB05FEF00E58B64 /* opencl_manager.hpp */,
				C736B9AD1BB3864400E25468 /* png_writer.cpp */,
				C736B9AE1BB3864400E25468 /* png_writer.hpp */,
				C78DFD6F1BAF35D700E58B64 /* pathtracer_kernel.cl */,
			);
			path = pathtracer;
			sourceTree = "<group>";
		};
		C74DF0951B9FBD2D0002CA28 /* Frameworks */ = {
			isa = PBXGroup;
			children = (
				C74D640E1BF3922C00ED2A10 /* GLUT.framework */,
				C745117D1BB9E99500CF4C3D /* boost.framework */,
				C736B9B91BB4D04500E25468 /* OpenGL.framework */,
				C74DF0931B9FBCD80002CA28 /* OpenCL.framework */,
			);
			name = Frameworks;
			sourceTree = "<group>";
		};
/* End PBXGroup section */

/* Begin PBXNativeTarget section */
		C74DF0881B9FBC7F0002CA28 /* pathtracer */ = {
			isa = PBXNativeTarget;
			buildConfigurationList = C74DF0901B9FBC7F0002CA28 /* Build configuration list for PBXNativeTarget "pathtracer" */;
			buildPhases = (
				C74DF0851B9FBC7F0002CA28 /* Sources */,
				C74DF0861B9FBC7F0002CA28 /* Frameworks */,
				C74DF0871B9FBC7F0002CA28 /* CopyFiles */,
			);
			buildRules = (
			);
			dependencies = (
			);
			name = pathtracer;
			productName = opencl_test_ii;
			productReference = C74DF0891B9FBC7F0002CA28 /* pathtracer */;
			productType = "com.apple.product-type.tool";
		};
/* End PBXNativeTarget section */

/* Begin PBXProject section */
		C74DF0811B9FBC7F0002CA28 /* Project object */ = {
			isa = PBXProject;
			attributes = {
				LastUpgradeCheck = 0640;
				ORGANIZATIONNAME = "Brian Li";
				TargetAttributes = {
					C74DF0881B9FBC7F0002CA28 = {
						CreatedOnToolsVersion = 6.4;
					};
				};
			};
			buildConfigurationList = C74DF0841B9FBC7F0002CA28 /* Build configuration list for PBXProject "pathtracer" */;
			compatibilityVersion = "Xcode 3.2";
			developmentRegion = English;
			hasScannedForEncodings = 0;
			knownRegions = (
				en,
			);
			mainGroup = C74DF0801B9FBC7F0002CA28;
			productRefGroup = C74DF08A1B9FBC7F0002CA28 /* Products */;
			projectDirPath = "";
			projectRoot = "";
			targets = (
				C74DF0881B9FBC7F0002CA28 /* pathtracer */,
			);
		};
/* End PBXProject section */

/* Begin PBXSourcesBuildPhase section */
		C74DF0851B9FBC7F0002CA28 /* Sources */ = {
			isa = PBXSourcesBuildPhase;
			buildActionMask = 2147483647;
			files = (
				C7AFA2B31BCDD419003A5C5D /* common.hpp in Sources */,
				C7AFA2B41BCDD419003A5C5D /* pathtracer.cpp in Sources */,
				C7AFA2B51BCDD419003A5C5D /* opencl_manager.cpp in Sources */,
				C7AFA2B61BCDD419003A5C5D /* png_writer.cpp in Sources */,
				C74DF08D1B9FBC7F0002CA28 /* main.cpp in Sources */,
			);
			runOnlyForDeploymentPostprocessing = 0;
		};
/* End PBXSourcesBuildPhase section */

/* Begin XCBuildConfiguration section */
		C74DF08E1B9FBC7F0002CA28 /* Debug */ = {
			isa = XCBuildConfiguration;
			buildSettings = {
				ALWAYS_SEARCH_USER_PATHS = YES;
				CLANG_CXX_LANGUAGE_STANDARD = "gnu++0x";
				CLANG_CXX_LIBRARY = "libc++";
				CLANG_ENABLE_MODULES = YES;
				CLANG_ENABLE_OBJC_ARC = YES;
				CLANG_WARN_BOOL_CONVERSION = YES;
				CLANG_WARN_CONSTANT_CONVERSION = YES;
				CLANG_WARN_DIRECT_OBJC_ISA_USAGE = YES_ERROR;
				CLANG_WARN_EMPTY_BODY = YES;
				CLANG_WARN_ENUM_CONVERSION = YES;
				CLANG_WARN_INT_CONVERSION = YES;
				CLANG_WARN_OBJC_ROOT_CLASS = YES_ERROR;
				CLANG_WARN_UNREACHABLE_CODE = YES;
				CLANG_WARN__DUPLICATE_METHOD_MATCH = YES;
				COPY_PHASE_STRIP = NO;
				DEBUG_INFORMATION_FORMAT = dwarf;
				ENABLE_STRICT_OBJC_MSGSEND = YES;
				GCC_C_LANGUAGE_STANDARD = gnu99;
				GCC_DYNAMIC_NO_PIC = NO;
				GCC_NO_COMMON_BLOCKS = YES;
				GCC_OPTIMIZATION_LEVEL = 0;
				GCC_PREPROCESSOR_DEFINITIONS = (
					"DEBUG=1",
					"$(inherited)",
				);
				GCC_SYMBOLS_PRIVATE_EXTERN = NO;
				GCC_WARN_64_TO_32_BIT_CONVERSION = YES;
				GCC_WARN_ABOUT_RETURN_TYPE = YES_ERROR;
				GCC_WARN_UNDECLARED_SELECTOR = YES;
				GCC_WARN_UNINITIALIZED_AUTOS = YES_AGGRESSIVE;
				GCC_WARN_UNUSED_FUNCTION = YES;
				GCC_WARN_UNUSED_VARIABLE = YES;
				HEADER_SEARCH_PATHS = (
					"$(inherited)",
					/Applications/Xcode.app/Contents/Developer/Toolchains/XcodeDefault.xctoolchain/usr/include,
					"/Users/brianli/Desktop/thesis/pathtracer/pathtracer/boost/**",
				);
				MACOSX_DEPLOYMENT_TARGET = 10.10;
				MTL_ENABLE_DEBUG_INFO = YES;
				ONLY_ACTIVE_ARCH = YES;
				"OTHER_CPLUSPLUSFLAGS[arch=*]" = "$(OTHER_CFLAGS)";
				OTHER_LDFLAGS = (
					"-I/usr/local/include/libpng16",
					"-L/usr/local/lib",
					"-lpng",
					"-lz",
				);
				SDKROOT = macosx;
				"USER_HEADER_SEARCH_PATHS[arch=*]" = "/Users/brianli/Desktop/thesis/pathtracer/pathtracer/boost/**";
			};
			name = Debug;
		};
		C74DF08F1B9FBC7F0002CA28 /* Release */ = {
			isa = XCBuildConfiguration;
			buildSettings = {
				ALWAYS_SEARCH_USER_PATHS = YES;
				CLANG_CXX_LANGUAGE_STANDARD = "gnu++0x";
				CLANG_CXX_LIBRARY = "libc++";
				CLANG_ENABLE_MODULES = YES;
				CLANG_ENABLE_OBJC_ARC = YES;
				CLANG_WARN_BOOL_CONVERSION = YES;
				CLANG_WARN_CONSTANT_CONVERSION = YES;
				CLANG_WARN_DIRECT_OBJC_ISA_USAGE = YES_ERROR;
				CLANG_WARN_EMPTY_BODY = YES;
				CLANG_WARN_ENUM_CONVERSION = YES;
				CLANG_WARN_INT_CONVERSION = YES;
				CLANG_WARN_OBJC_ROOT_CLASS = YES_ERROR;
				CLANG_WARN_UNREACHABLE_CODE = YES;
				CLANG_WARN__DUPLICATE_METHOD_MATCH = YES;
				COPY_PHASE_STRIP = NO;
				DEBUG_INFORMATION_FORMAT = "dwarf-with-dsym";
				ENABLE_NS_ASSERTIONS = NO;
				ENABLE_STRICT_OBJC_MSGSEND = YES;
				GCC_C_LANGUAGE_STANDARD = gnu99;
				GCC_NO_COMMON_BLOCKS = YES;
				GCC_WARN_64_TO_32_BIT_CONVERSION = YES;
				GCC_WARN_ABOUT_RETURN_TYPE = YES_ERROR;
				GCC_WARN_UNDECLARED_SELECTOR = YES;
				GCC_WARN_UNINITIALIZED_AUTOS = YES_AGGRESSIVE;
				GCC_WARN_UNUSED_FUNCTION = YES;
				GCC_WARN_UNUSED_VARIABLE = YES;
				HEADER_SEARCH_PATHS = (
					"$(inherited)",
					/Applications/Xcode.app/Contents/Developer/Toolchains/XcodeDefault.xctoolchain/usr/include,
					"/Users/brianli/Desktop/thesis/pathtracer/pathtracer/boost/**",
				);
				MACOSX_DEPLOYMENT_TARGET = 10.10;
				MTL_ENABLE_DEBUG_INFO = NO;
				OTHER_LDFLAGS = (
					"-I/usr/local/include/libpng16",
					"-L/usr/local/lib",
					"-lpng",
					"-lz",
				);
				SDKROOT = macosx;
			};
			name = Release;
		};
		C74DF0911B9FBC7F0002CA28 /* Debug */ = {
			isa = XCBuildConfiguration;
			buildSettings = {
				FRAMEWORK_SEARCH_PATHS = (
					"$(PROJECT_DIR)/frameworks",
					"/Users/brianli/Desktop/thesis/7513324-a840fee893331ab946ea031bb3c6049a1a71b26d/osx/framework",
				);
				HEADER_SEARCH_PATHS = (
					"$(inherited)",
					/Applications/Xcode.app/Contents/Developer/Toolchains/XcodeDefault.xctoolchain/usr/include,
				);
				OTHER_CPLUSPLUSFLAGS = "";
				"OTHER_CPLUSPLUSFLAGS[arch=*]" = (
					"-I/usr/local/include",
					"-L/usr/local/lib",
					"-w",
					"-lz",
					"-lpng16",
				);
				OTHER_LDFLAGS = (
					"-I/usr/local/include/libpng16",
					"-L/usr/local/lib",
					"-lpng",
					"-lz",
					"-I/usr/local/include/boost",
				);
				PRODUCT_NAME = pathtracer;
				SCAN_ALL_SOURCE_FILES_FOR_INCLUDES = YES;
				USER_HEADER_SEARCH_PATHS = "$(SRCROOT)/include/boost/**";
				"USER_HEADER_SEARCH_PATHS[arch=*]" = "";
			};
			name = Debug;
		};
		C74DF0921B9FBC7F0002CA28 /* Release */ = {
			isa = XCBuildConfiguration;
			buildSettings = {
				FRAMEWORK_SEARCH_PATHS = (
					"$(inherited)",
					"$(PROJECT_DIR)/frameworks",
					"/Users/brianli/Desktop/thesis/7513324-a840fee893331ab946ea031bb3c6049a1a71b26d/osx/framework",
				);
				HEADER_SEARCH_PATHS = (
					"$(inherited)",
					/Applications/Xcode.app/Contents/Developer/Toolchains/XcodeDefault.xctoolchain/usr/include,
				);
				OTHER_LDFLAGS = (
					"-I/usr/local/include/libpng16",
					"-L/usr/local/lib",
					"-lpng",
					"-lz",
					"-I/usr/local/include/boost",
				);
				PRODUCT_NAME = pathtracer;
				SCAN_ALL_SOURCE_FILES_FOR_INCLUDES = YES;
			};
			name = Release;
		};
/* End XCBuildConfiguration section */

/* Begin XCConfigurationList section */
		C74DF0841B9FBC7F0002CA28 /* Build configuration list for PBXProject "pathtracer" */ = {
			isa = XCConfigurationList;
			buildConfigurations = (
				C74DF08E1B9FBC7F0002CA28 /* Debug */,
				C74DF08F1B9FBC7F0002CA28 /* Release */,
			);
			defaultConfigurationIsVisible = 0;
			defaultConfigurationName = Release;
		};
		C74DF0901B9FBC7F0002CA28 /* Build configuration list for PBXNativeTarget "pathtracer" */ = {
			isa = XCConfigurationList;
			buildConfigurations = (
				C74DF0911B9FBC7F0002CA28 /* Debug */,
				C74DF0921B9FBC7F0002CA28 /* Release */,
			);
			defaultConfigurationIsVisible = 0;
			defaultConfigurationName = Release;
		};
/* End XCConfigurationList section */
	};
	rootObject = C74DF0811B9FBC7F0002CA28 /* Project object */;
}
